
Microsoft Visual Studio Solution File, Format Version 12.00
# Visual Studio 14
VisualStudioVersion = 14.0.25420.1
MinimumVisualStudioVersion = 10.0.40219.1
Project("{FAE04EC0-301F-11D3-BF4B-00C04F79EFBC}") = "NetScaleGlobal", "NetScaleGlobal\NetScaleGlobal.csproj", "{2E7D1EC8-5E6F-45DB-A867-3F2C19E581C1}"
EndProject
Project("{FAE04EC0-301F-11D3-BF4B-00C04F79EFBC}") = "HardwareDevices", "HardwareDevices\HardwareDevices.csproj", "{24233E34-5147-4C08-B585-B8AEDA90FF7B}"
EndProject
Project("{FAE04EC0-301F-11D3-BF4B-00C04F79EFBC}") = "Netscale Business Object EF", "Netscale Business Object EF\Netscale Business Object EF.csproj", "{6E80C63E-1268-4C3C-90A6-688EBDADE587}"
EndProject
Project("{FAE04EC0-301F-11D3-BF4B-00C04F79EFBC}") = "NetScale", "NetScale\NetScale.csproj", "{5F3347FB-8DC4-41D7-85D4-4687C77F9C50}"
EndProject
Project("{FAE04EC0-301F-11D3-BF4B-00C04F79EFBC}") = "NetScalePolosIO", "NetScalePolosIO\NetScalePolosIO.csproj", "{BEFF5E7F-BE23-492B-8E7C-411A77747D9B}"
EndProject
Project("{FAE04EC0-301F-11D3-BF4B-00C04F79EFBC}") = "YeomanExport", "YeomanExport\YeomanExport.csproj", "{40A8E553-24BC-47A6-AD44-CE57FCB8FFE7}"
EndProject
Project("{2150E333-8FDC-42A3-9474-1A3956D46DE8}") = "Solution Items", "Solution Items", "{D36BBD9F-5750-4C11-BE16-736F60E3F956}"
EndProject
Project("{FAE04EC0-301F-11D3-BF4B-00C04F79EFBC}") = "ExternalExport", "ExternalExport\ExternalExport.csproj", "{A87DE250-355B-422B-8EA1-5BDA608E9AA0}"
	ProjectSection(ProjectDependencies) = postProject
		{BEFF5E7F-BE23-492B-8E7C-411A77747D9B} = {BEFF5E7F-BE23-492B-8E7C-411A77747D9B}
	EndProjectSection
EndProject
Global
	GlobalSection(SolutionConfigurationPlatforms) = preSolution
		Debug|Any CPU = Debug|Any CPU
		Debug|x86 = Debug|x86
		Release|Any CPU = Release|Any CPU
		Release|x86 = Release|x86
	EndGlobalSection
	GlobalSection(ProjectConfigurationPlatforms) = postSolution
		{2E7D1EC8-5E6F-45DB-A867-3F2C19E581C1}.Debug|Any CPU.ActiveCfg = Debug|Any CPU
		{2E7D1EC8-5E6F-45DB-A867-3F2C19E581C1}.Debug|Any CPU.Build.0 = Debug|Any CPU
		{2E7D1EC8-5E6F-45DB-A867-3F2C19E581C1}.Debug|x86.ActiveCfg = Debug|Any CPU
		{2E7D1EC8-5E6F-45DB-A867-3F2C19E581C1}.Debug|x86.Build.0 = Debug|Any CPU
		{2E7D1EC8-5E6F-45DB-A867-3F2C19E581C1}.Release|Any CPU.ActiveCfg = Release|Any CPU
		{2E7D1EC8-5E6F-45DB-A867-3F2C19E581C1}.Release|Any CPU.Build.0 = Release|Any CPU
		{2E7D1EC8-5E6F-45DB-A867-3F2C19E581C1}.Release|x86.ActiveCfg = Release|Any CPU
		{2E7D1EC8-5E6F-45DB-A867-3F2C19E581C1}.Release|x86.Build.0 = Release|Any CPU
		{24233E34-5147-4C08-B585-B8AEDA90FF7B}.Debug|Any CPU.ActiveCfg = Debug|Any CPU
		{24233E34-5147-4C08-B585-B8AEDA90FF7B}.Debug|Any CPU.Build.0 = Debug|Any CPU
		{24233E34-5147-4C08-B585-B8AEDA90FF7B}.Debug|x86.ActiveCfg = Debug|Any CPU
		{24233E34-5147-4C08-B585-B8AEDA90FF7B}.Debug|x86.Build.0 = Debug|Any CPU
		{24233E34-5147-4C08-B585-B8AEDA90FF7B}.Release|Any CPU.ActiveCfg = Release|Any CPU
		{24233E34-5147-4C08-B585-B8AEDA90FF7B}.Release|Any CPU.Build.0 = Release|Any CPU
		{24233E34-5147-4C08-B585-B8AEDA90FF7B}.Release|x86.ActiveCfg = Release|Any CPU
		{24233E34-5147-4C08-B585-B8AEDA90FF7B}.Release|x86.Build.0 = Release|Any CPU
		{6E80C63E-1268-4C3C-90A6-688EBDADE587}.Debug|Any CPU.ActiveCfg = Debug|Any CPU
		{6E80C63E-1268-4C3C-90A6-688EBDADE587}.Debug|Any CPU.Build.0 = Debug|Any CPU
		{6E80C63E-1268-4C3C-90A6-688EBDADE587}.Debug|x86.ActiveCfg = Debug|Any CPU
		{6E80C63E-1268-4C3C-90A6-688EBDADE587}.Debug|x86.Build.0 = Debug|Any CPU
		{6E80C63E-1268-4C3C-90A6-688EBDADE587}.Release|Any CPU.ActiveCfg = Release|Any CPU
		{6E80C63E-1268-4C3C-90A6-688EBDADE587}.Release|Any CPU.Build.0 = Release|Any CPU
		{6E80C63E-1268-4C3C-90A6-688EBDADE587}.Release|x86.ActiveCfg = Release|Any CPU
		{6E80C63E-1268-4C3C-90A6-688EBDADE587}.Release|x86.Build.0 = Release|Any CPU
		{5F3347FB-8DC4-41D7-85D4-4687C77F9C50}.Debug|Any CPU.ActiveCfg = Debug|Any CPU
		{5F3347FB-8DC4-41D7-85D4-4687C77F9C50}.Debug|Any CPU.Build.0 = Debug|Any CPU
		{5F3347FB-8DC4-41D7-85D4-4687C77F9C50}.Debug|x86.ActiveCfg = Debug|Any CPU
		{5F3347FB-8DC4-41D7-85D4-4687C77F9C50}.Debug|x86.Build.0 = Debug|Any CPU
		{5F3347FB-8DC4-41D7-85D4-4687C77F9C50}.Release|Any CPU.ActiveCfg = Release|Any CPU
		{5F3347FB-8DC4-41D7-85D4-4687C77F9C50}.Release|Any CPU.Build.0 = Release|Any CPU
		{5F3347FB-8DC4-41D7-85D4-4687C77F9C50}.Release|x86.ActiveCfg = Release|Any CPU
		{5F3347FB-8DC4-41D7-85D4-4687C77F9C50}.Release|x86.Build.0 = Release|Any CPU
		{BEFF5E7F-BE23-492B-8E7C-411A77747D9B}.Debug|Any CPU.ActiveCfg = Debug|Any CPU
		{BEFF5E7F-BE23-492B-8E7C-411A77747D9B}.Debug|Any CPU.Build.0 = Debug|Any CPU
		{BEFF5E7F-BE23-492B-8E7C-411A77747D9B}.Debug|x86.ActiveCfg = Debug|Any CPU
		{BEFF5E7F-BE23-492B-8E7C-411A77747D9B}.Debug|x86.Build.0 = Debug|Any CPU
		{BEFF5E7F-BE23-492B-8E7C-411A77747D9B}.Release|Any CPU.ActiveCfg = Release|Any CPU
		{BEFF5E7F-BE23-492B-8E7C-411A77747D9B}.Release|Any CPU.Build.0 = Release|Any CPU
		{BEFF5E7F-BE23-492B-8E7C-411A77747D9B}.Release|x86.ActiveCfg = Release|Any CPU
		{BEFF5E7F-BE23-492B-8E7C-411A77747D9B}.Release|x86.Build.0 = Release|Any CPU
		{40A8E553-24BC-47A6-AD44-CE57FCB8FFE7}.Debug|Any CPU.ActiveCfg = Debug|Any CPU
		{40A8E553-24BC-47A6-AD44-CE57FCB8FFE7}.Debug|Any CPU.Build.0 = Debug|Any CPU
		{40A8E553-24BC-47A6-AD44-CE57FCB8FFE7}.Debug|x86.ActiveCfg = Debug|Any CPU
		{40A8E553-24BC-47A6-AD44-CE57FCB8FFE7}.Debug|x86.Build.0 = Debug|Any CPU
		{40A8E553-24BC-47A6-AD44-CE57FCB8FFE7}.Release|Any CPU.ActiveCfg = Release|Any CPU
		{40A8E553-24BC-47A6-AD44-CE57FCB8FFE7}.Release|Any CPU.Build.0 = Release|Any CPU
		{40A8E553-24BC-47A6-AD44-CE57FCB8FFE7}.Release|x86.ActiveCfg = Release|Any CPU
		{40A8E553-24BC-47A6-AD44-CE57FCB8FFE7}.Release|x86.Build.0 = Release|Any CPU
		{A87DE250-355B-422B-8EA1-5BDA608E9AA0}.Debug|Any CPU.ActiveCfg = Debug|Any CPU
		{A87DE250-355B-422B-8EA1-5BDA608E9AA0}.Debug|Any CPU.Build.0 = Debug|Any CPU
		{A87DE250-355B-422B-8EA1-5BDA608E9AA0}.Debug|x86.ActiveCfg = Debug|Any CPU
		{A87DE250-355B-422B-8EA1-5BDA608E9AA0}.Debug|x86.Build.0 = Debug|Any CPU
		{A87DE250-355B-422B-8EA1-5BDA608E9AA0}.Release|Any CPU.ActiveCfg = Release|Any CPU
		{A87DE250-355B-422B-8EA1-5BDA608E9AA0}.Release|Any CPU.Build.0 = Release|Any CPU
		{A87DE250-355B-422B-8EA1-5BDA608E9AA0}.Release|x86.ActiveCfg = Release|Any CPU
		{A87DE250-355B-422B-8EA1-5BDA608E9AA0}.Release|x86.Build.0 = Release|Any CPU
	EndGlobalSection
	GlobalSection(SolutionProperties) = preSolution
		HideSolutionNode = FALSE
	EndGlobalSection
	GlobalSection(MercurialSourceControlSolutionProperties) = preSolution
		SolutionIsControlled = True
		SolutionBindings = <Solution Location In Database>
	EndGlobalSection
EndGlobal
